
Microsoft Visual Studio Solution File, Format Version 12.00
# Visual Studio Version 16
VisualStudioVersion = 16.0.29326.143
MinimumVisualStudioVersion = 10.0.40219.1
Project("{FAE04EC0-301F-11D3-BF4B-00C04F79EFBC}") = "BindingLibraryAndroid", "BindingLibraryAndroid\BindingLibraryAndroid.csproj", "{6DF98C90-C1EA-447B-A0AC-3A6753BCC600}"
EndProject
Project("{FAE04EC0-301F-11D3-BF4B-00C04F79EFBC}") = "BindingTest.Android", "BindingTest\BindingTest.Android\BindingTest.Android.csproj", "{18F38C24-439E-4FFF-9403-3A81E66E446D}"
EndProject
Project("{FAE04EC0-301F-11D3-BF4B-00C04F79EFBC}") = "BindingTest.iOS", "BindingTest\BindingTest.iOS\BindingTest.iOS.csproj", "{BB98348F-902E-4EA6-AEE0-4105B9BFE540}"
EndProject
Project("{FAE04EC0-301F-11D3-BF4B-00C04F79EFBC}") = "BindingTest", "BindingTest\BindingTest\BindingTest.csproj", "{470C1F3F-7BC2-46C4-9E83-3F220E2E862D}"
EndProject
Global
	GlobalSection(SolutionConfigurationPlatforms) = preSolution
		Debug|Any CPU = Debug|Any CPU
		Debug|iPhone = Debug|iPhone
		Debug|iPhoneSimulator = Debug|iPhoneSimulator
		Release|Any CPU = Release|Any CPU
		Release|iPhone = Release|iPhone
		Release|iPhoneSimulator = Release|iPhoneSimulator
	EndGlobalSection
	GlobalSection(ProjectConfigurationPlatforms) = postSolution
		{6DF98C90-C1EA-447B-A0AC-3A6753BCC600}.Debug|Any CPU.ActiveCfg = Debug|Any CPU
		{6DF98C90-C1EA-447B-A0AC-3A6753BCC600}.Debug|Any CPU.Build.0 = Debug|Any CPU
		{6DF98C90-C1EA-447B-A0AC-3A6753BCC600}.Debug|iPhone.ActiveCfg = Debug|Any CPU
		{6DF98C90-C1EA-447B-A0AC-3A6753BCC600}.Debug|iPhone.Build.0 = Debug|Any CPU
		{6DF98C90-C1EA-447B-A0AC-3A6753BCC600}.Debug|iPhoneSimulator.ActiveCfg = Debug|Any CPU
		{6DF98C90-C1EA-447B-A0AC-3A6753BCC600}.Debug|iPhoneSimulator.Build.0 = Debug|Any CPU
		{6DF98C90-C1EA-447B-A0AC-3A6753BCC600}.Release|Any CPU.ActiveCfg = Release|Any CPU
		{6DF98C90-C1EA-447B-A0AC-3A6753BCC600}.Release|Any CPU.Build.0 = Release|Any CPU
		{6DF98C90-C1EA-447B-A0AC-3A6753BCC600}.Release|iPhone.ActiveCfg = Release|Any CPU
		{6DF98C90-C1EA-447B-A0AC-3A6753BCC600}.Release|iPhone.Build.0 = Release|Any CPU
		{6DF98C90-C1EA-447B-A0AC-3A6753BCC600}.Release|iPhoneSimulator.ActiveCfg = Release|Any CPU
		{6DF98C90-C1EA-447B-A0AC-3A6753BCC600}.Release|iPhoneSimulator.Build.0 = Release|Any CPU
		{18F38C24-439E-4FFF-9403-3A81E66E446D}.Debug|Any CPU.ActiveCfg = Debug|Any CPU
		{18F38C24-439E-4FFF-9403-3A81E66E446D}.Debug|Any CPU.Build.0 = Debug|Any CPU
		{18F38C24-439E-4FFF-9403-3A81E66E446D}.Debug|Any CPU.Deploy.0 = Debug|Any CPU
		{18F38C24-439E-4FFF-9403-3A81E66E446D}.Debug|iPhone.ActiveCfg = Debug|Any CPU
		{18F38C24-439E-4FFF-9403-3A81E66E446D}.Debug|iPhone.Build.0 = Debug|Any CPU
		{18F38C24-439E-4FFF-9403-3A81E66E446D}.Debug|iPhone.Deploy.0 = Debug|Any CPU
		{18F38C24-439E-4FFF-9403-3A81E66E446D}.Debug|iPhoneSimulator.ActiveCfg = Debug|Any CPU
		{18F38C24-439E-4FFF-9403-3A81E66E446D}.Debug|iPhoneSimulator.Build.0 = Debug|Any CPU
		{18F38C24-439E-4FFF-9403-3A81E66E446D}.Debug|iPhoneSimulator.Deploy.0 = Debug|Any CPU
		{18F38C24-439E-4FFF-9403-3A81E66E446D}.Release|Any CPU.ActiveCfg = Release|Any CPU
		{18F38C24-439E-4FFF-9403-3A81E66E446D}.Release|Any CPU.Build.0 = Release|Any CPU
		{18F38C24-439E-4FFF-9403-3A81E66E446D}.Release|Any CPU.Deploy.0 = Release|Any CPU
		{18F38C24-439E-4FFF-9403-3A81E66E446D}.Release|iPhone.ActiveCfg = Release|Any CPU
		{18F38C24-439E-4FFF-9403-3A81E66E446D}.Release|iPhone.Build.0 = Release|Any CPU
		{18F38C24-439E-4FFF-9403-3A81E66E446D}.Release|iPhone.Deploy.0 = Release|Any CPU
		{18F38C24-439E-4FFF-9403-3A81E66E446D}.Release|iPhoneSimulator.ActiveCfg = Release|Any CPU
		{18F38C24-439E-4FFF-9403-3A81E66E446D}.Release|iPhoneSimulator.Build.0 = Release|Any CPU
		{18F38C24-439E-4FFF-9403-3A81E66E446D}.Release|iPhoneSimulator.Deploy.0 = Release|Any CPU
		{BB98348F-902E-4EA6-AEE0-4105B9BFE540}.Debug|Any CPU.ActiveCfg = Debug|iPhone
		{BB98348F-902E-4EA6-AEE0-4105B9BFE540}.Debug|iPhone.ActiveCfg = Debug|iPhone
		{BB98348F-902E-4EA6-AEE0-4105B9BFE540}.Debug|iPhone.Build.0 = Debug|iPhone
		{BB98348F-902E-4EA6-AEE0-4105B9BFE540}.Debug|iPhoneSimulator.ActiveCfg = Debug|iPhoneSimulator
		{BB98348F-902E-4EA6-AEE0-4105B9BFE540}.Debug|iPhoneSimulator.Build.0 = Debug|iPhoneSimulator
		{BB98348F-902E-4EA6-AEE0-4105B9BFE540}.Release|Any CPU.ActiveCfg = Release|iPhone
		{BB98348F-902E-4EA6-AEE0-4105B9BFE540}.Release|iPhone.ActiveCfg = Release|iPhone
		{BB98348F-902E-4EA6-AEE0-4105B9BFE540}.Release|iPhone.Build.0 = Release|iPhone
		{BB98348F-902E-4EA6-AEE0-4105B9BFE540}.Release|iPhoneSimulator.ActiveCfg = Release|iPhoneSimulator
		{BB98348F-902E-4EA6-AEE0-4105B9BFE540}.Release|iPhoneSimulator.Build.0 = Release|iPhoneSimulator
		{470C1F3F-7BC2-46C4-9E83-3F220E2E862D}.Debug|Any CPU.ActiveCfg = Debug|Any CPU
		{470C1F3F-7BC2-46C4-9E83-3F220E2E862D}.Debug|Any CPU.Build.0 = Debug|Any CPU
		{470C1F3F-7BC2-46C4-9E83-3F220E2E862D}.Debug|iPhone.ActiveCfg = Debug|Any CPU
		{470C1F3F-7BC2-46C4-9E83-3F220E2E862D}.Debug|iPhone.Build.0 = Debug|Any CPU
		{470C1F3F-7BC2-46C4-9E83-3F220E2E862D}.Debug|iPhoneSimulator.ActiveCfg = Debug|Any CPU
		{470C1F3F-7BC2-46C4-9E83-3F220E2E862D}.Debug|iPhoneSimulator.Build.0 = Debug|Any CPU
		{470C1F3F-7BC2-46C4-9E83-3F220E2E862D}.Release|Any CPU.ActiveCfg = Release|Any CPU
		{470C1F3F-7BC2-46C4-9E83-3F220E2E862D}.Release|Any CPU.Build.0 = Release|Any CPU
		{470C1F3F-7BC2-46C4-9E83-3F220E2E862D}.Release|iPhone.ActiveCfg = Release|Any CPU
		{470C1F3F-7BC2-46C4-9E83-3F220E2E862D}.Release|iPhone.Build.0 = Release|Any CPU
		{470C1F3F-7BC2-46C4-9E83-3F220E2E862D}.Release|iPhoneSimulator.ActiveCfg = Release|Any CPU
		{470C1F3F-7BC2-46C4-9E83-3F220E2E862D}.Release|iPhoneSimulator.Build.0 = Release|Any CPU
	EndGlobalSection
	GlobalSection(SolutionProperties) = preSolution
		HideSolutionNode = FALSE
	EndGlobalSection
	GlobalSection(ExtensibilityGlobals) = postSolution
		SolutionGuid = {BB187071-A964-4B75-B876-1F729C85D805}
	EndGlobalSection
EndGlobal
