
Microsoft Visual Studio Solution File, Format Version 12.00
# Visual Studio Version 16
VisualStudioVersion = 16.0.29326.143
MinimumVisualStudioVersion = 10.0.40219.1
Project("{FAE04EC0-301F-11D3-BF4B-00C04F79EFBC}") = "NexmoXamarinAndroid", "NexmoXamarinAndroid\NexmoXamarinAndroid.csproj", "{6DF98C90-C1EA-447B-A0AC-3A6753BCC600}"
EndProject
Project("{FAE04EC0-301F-11D3-BF4B-00C04F79EFBC}") = "NexmoXamarinIOS", "NexmoXamarinIOS\NexmoXamarinIOS.csproj", "{A9C968C4-A5CB-48AA-A8D1-DF3E782DBAC7}"
EndProject
Project("{FAE04EC0-301F-11D3-BF4B-00C04F79EFBC}") = "NexmoXamarinTest.Android", "NexmoXamarinTest\NexmoXamarinTest.Android\NexmoXamarinTest.Android.csproj", "{7DAEA6CB-4116-4877-96C7-C1114318D53F}"
EndProject
Project("{FAE04EC0-301F-11D3-BF4B-00C04F79EFBC}") = "NexmoXamarinTest.iOS", "NexmoXamarinTest\NexmoXamarinTest.iOS\NexmoXamarinTest.iOS.csproj", "{6DF271A1-73A0-49DA-B044-26DE9C162EAE}"
EndProject
Project("{9A19103F-16F7-4668-BE54-9A1E7A4F7556}") = "NexmoXamarinTest", "NexmoXamarinTest\NexmoXamarinTest\NexmoXamarinTest.csproj", "{74C49CE7-D9AC-44F6-80D6-95DAE507B0BC}"
EndProject
Project("{FAE04EC0-301F-11D3-BF4B-00C04F79EFBC}") = "ClientInfrastructure", "ClientInfrastructure\ClientInfrastructure.csproj", "{FEF0C00B-5330-4C9E-942E-0602855DA987}"
EndProject
Project("{FAE04EC0-301F-11D3-BF4B-00C04F79EFBC}") = "MiniRtc", "MiniRtc\MiniRtc.csproj", "{6C0188AC-AC2D-4EF7-B866-E43B95202031}"
EndProject
Global
	GlobalSection(SolutionConfigurationPlatforms) = preSolution
		Debug|Any CPU = Debug|Any CPU
		Debug|iPhone = Debug|iPhone
		Debug|iPhoneSimulator = Debug|iPhoneSimulator
		Release|Any CPU = Release|Any CPU
		Release|iPhone = Release|iPhone
		Release|iPhoneSimulator = Release|iPhoneSimulator
	EndGlobalSection
	GlobalSection(ProjectConfigurationPlatforms) = postSolution
		{6DF98C90-C1EA-447B-A0AC-3A6753BCC600}.Debug|Any CPU.ActiveCfg = Debug|Any CPU
		{6DF98C90-C1EA-447B-A0AC-3A6753BCC600}.Debug|Any CPU.Build.0 = Debug|Any CPU
		{6DF98C90-C1EA-447B-A0AC-3A6753BCC600}.Debug|iPhone.ActiveCfg = Debug|Any CPU
		{6DF98C90-C1EA-447B-A0AC-3A6753BCC600}.Debug|iPhone.Build.0 = Debug|Any CPU
		{6DF98C90-C1EA-447B-A0AC-3A6753BCC600}.Debug|iPhoneSimulator.ActiveCfg = Debug|Any CPU
		{6DF98C90-C1EA-447B-A0AC-3A6753BCC600}.Debug|iPhoneSimulator.Build.0 = Debug|Any CPU
		{6DF98C90-C1EA-447B-A0AC-3A6753BCC600}.Release|Any CPU.ActiveCfg = Release|Any CPU
		{6DF98C90-C1EA-447B-A0AC-3A6753BCC600}.Release|Any CPU.Build.0 = Release|Any CPU
		{6DF98C90-C1EA-447B-A0AC-3A6753BCC600}.Release|iPhone.ActiveCfg = Release|Any CPU
		{6DF98C90-C1EA-447B-A0AC-3A6753BCC600}.Release|iPhone.Build.0 = Release|Any CPU
		{6DF98C90-C1EA-447B-A0AC-3A6753BCC600}.Release|iPhoneSimulator.ActiveCfg = Release|Any CPU
		{6DF98C90-C1EA-447B-A0AC-3A6753BCC600}.Release|iPhoneSimulator.Build.0 = Release|Any CPU
		{A9C968C4-A5CB-48AA-A8D1-DF3E782DBAC7}.Debug|Any CPU.ActiveCfg = Debug|Any CPU
		{A9C968C4-A5CB-48AA-A8D1-DF3E782DBAC7}.Debug|Any CPU.Build.0 = Debug|Any CPU
		{A9C968C4-A5CB-48AA-A8D1-DF3E782DBAC7}.Debug|iPhone.ActiveCfg = Debug|Any CPU
		{A9C968C4-A5CB-48AA-A8D1-DF3E782DBAC7}.Debug|iPhone.Build.0 = Debug|Any CPU
		{A9C968C4-A5CB-48AA-A8D1-DF3E782DBAC7}.Debug|iPhoneSimulator.ActiveCfg = Debug|Any CPU
		{A9C968C4-A5CB-48AA-A8D1-DF3E782DBAC7}.Debug|iPhoneSimulator.Build.0 = Debug|Any CPU
		{A9C968C4-A5CB-48AA-A8D1-DF3E782DBAC7}.Release|Any CPU.ActiveCfg = Release|Any CPU
		{A9C968C4-A5CB-48AA-A8D1-DF3E782DBAC7}.Release|Any CPU.Build.0 = Release|Any CPU
		{A9C968C4-A5CB-48AA-A8D1-DF3E782DBAC7}.Release|iPhone.ActiveCfg = Release|Any CPU
		{A9C968C4-A5CB-48AA-A8D1-DF3E782DBAC7}.Release|iPhone.Build.0 = Release|Any CPU
		{A9C968C4-A5CB-48AA-A8D1-DF3E782DBAC7}.Release|iPhoneSimulator.ActiveCfg = Release|Any CPU
		{A9C968C4-A5CB-48AA-A8D1-DF3E782DBAC7}.Release|iPhoneSimulator.Build.0 = Release|Any CPU
		{7DAEA6CB-4116-4877-96C7-C1114318D53F}.Debug|Any CPU.ActiveCfg = Debug|Any CPU
		{7DAEA6CB-4116-4877-96C7-C1114318D53F}.Debug|Any CPU.Build.0 = Debug|Any CPU
		{7DAEA6CB-4116-4877-96C7-C1114318D53F}.Debug|Any CPU.Deploy.0 = Debug|Any CPU
		{7DAEA6CB-4116-4877-96C7-C1114318D53F}.Debug|iPhone.ActiveCfg = Debug|Any CPU
		{7DAEA6CB-4116-4877-96C7-C1114318D53F}.Debug|iPhone.Build.0 = Debug|Any CPU
		{7DAEA6CB-4116-4877-96C7-C1114318D53F}.Debug|iPhone.Deploy.0 = Debug|Any CPU
		{7DAEA6CB-4116-4877-96C7-C1114318D53F}.Debug|iPhoneSimulator.ActiveCfg = Debug|Any CPU
		{7DAEA6CB-4116-4877-96C7-C1114318D53F}.Debug|iPhoneSimulator.Build.0 = Debug|Any CPU
		{7DAEA6CB-4116-4877-96C7-C1114318D53F}.Debug|iPhoneSimulator.Deploy.0 = Debug|Any CPU
		{7DAEA6CB-4116-4877-96C7-C1114318D53F}.Release|Any CPU.ActiveCfg = Release|Any CPU
		{7DAEA6CB-4116-4877-96C7-C1114318D53F}.Release|Any CPU.Build.0 = Release|Any CPU
		{7DAEA6CB-4116-4877-96C7-C1114318D53F}.Release|Any CPU.Deploy.0 = Release|Any CPU
		{7DAEA6CB-4116-4877-96C7-C1114318D53F}.Release|iPhone.ActiveCfg = Release|Any CPU
		{7DAEA6CB-4116-4877-96C7-C1114318D53F}.Release|iPhone.Build.0 = Release|Any CPU
		{7DAEA6CB-4116-4877-96C7-C1114318D53F}.Release|iPhone.Deploy.0 = Release|Any CPU
		{7DAEA6CB-4116-4877-96C7-C1114318D53F}.Release|iPhoneSimulator.ActiveCfg = Release|Any CPU
		{7DAEA6CB-4116-4877-96C7-C1114318D53F}.Release|iPhoneSimulator.Build.0 = Release|Any CPU
		{7DAEA6CB-4116-4877-96C7-C1114318D53F}.Release|iPhoneSimulator.Deploy.0 = Release|Any CPU
		{6DF271A1-73A0-49DA-B044-26DE9C162EAE}.Debug|Any CPU.ActiveCfg = Debug|iPhone
		{6DF271A1-73A0-49DA-B044-26DE9C162EAE}.Debug|iPhone.ActiveCfg = Debug|iPhone
		{6DF271A1-73A0-49DA-B044-26DE9C162EAE}.Debug|iPhone.Build.0 = Debug|iPhone
		{6DF271A1-73A0-49DA-B044-26DE9C162EAE}.Debug|iPhoneSimulator.ActiveCfg = Debug|iPhoneSimulator
		{6DF271A1-73A0-49DA-B044-26DE9C162EAE}.Debug|iPhoneSimulator.Build.0 = Debug|iPhoneSimulator
		{6DF271A1-73A0-49DA-B044-26DE9C162EAE}.Release|Any CPU.ActiveCfg = Release|iPhone
		{6DF271A1-73A0-49DA-B044-26DE9C162EAE}.Release|iPhone.ActiveCfg = Release|iPhone
		{6DF271A1-73A0-49DA-B044-26DE9C162EAE}.Release|iPhone.Build.0 = Release|iPhone
		{6DF271A1-73A0-49DA-B044-26DE9C162EAE}.Release|iPhoneSimulator.ActiveCfg = Release|iPhoneSimulator
		{6DF271A1-73A0-49DA-B044-26DE9C162EAE}.Release|iPhoneSimulator.Build.0 = Release|iPhoneSimulator
		{74C49CE7-D9AC-44F6-80D6-95DAE507B0BC}.Debug|Any CPU.ActiveCfg = Debug|Any CPU
		{74C49CE7-D9AC-44F6-80D6-95DAE507B0BC}.Debug|Any CPU.Build.0 = Debug|Any CPU
		{74C49CE7-D9AC-44F6-80D6-95DAE507B0BC}.Debug|iPhone.ActiveCfg = Debug|Any CPU
		{74C49CE7-D9AC-44F6-80D6-95DAE507B0BC}.Debug|iPhone.Build.0 = Debug|Any CPU
		{74C49CE7-D9AC-44F6-80D6-95DAE507B0BC}.Debug|iPhoneSimulator.ActiveCfg = Debug|Any CPU
		{74C49CE7-D9AC-44F6-80D6-95DAE507B0BC}.Debug|iPhoneSimulator.Build.0 = Debug|Any CPU
		{74C49CE7-D9AC-44F6-80D6-95DAE507B0BC}.Release|Any CPU.ActiveCfg = Release|Any CPU
		{74C49CE7-D9AC-44F6-80D6-95DAE507B0BC}.Release|Any CPU.Build.0 = Release|Any CPU
		{74C49CE7-D9AC-44F6-80D6-95DAE507B0BC}.Release|iPhone.ActiveCfg = Release|Any CPU
		{74C49CE7-D9AC-44F6-80D6-95DAE507B0BC}.Release|iPhone.Build.0 = Release|Any CPU
		{74C49CE7-D9AC-44F6-80D6-95DAE507B0BC}.Release|iPhoneSimulator.ActiveCfg = Release|Any CPU
		{74C49CE7-D9AC-44F6-80D6-95DAE507B0BC}.Release|iPhoneSimulator.Build.0 = Release|Any CPU
		{FEF0C00B-5330-4C9E-942E-0602855DA987}.Debug|Any CPU.ActiveCfg = Debug|Any CPU
		{FEF0C00B-5330-4C9E-942E-0602855DA987}.Debug|Any CPU.Build.0 = Debug|Any CPU
		{FEF0C00B-5330-4C9E-942E-0602855DA987}.Debug|iPhone.ActiveCfg = Debug|Any CPU
		{FEF0C00B-5330-4C9E-942E-0602855DA987}.Debug|iPhone.Build.0 = Debug|Any CPU
		{FEF0C00B-5330-4C9E-942E-0602855DA987}.Debug|iPhoneSimulator.ActiveCfg = Debug|Any CPU
		{FEF0C00B-5330-4C9E-942E-0602855DA987}.Debug|iPhoneSimulator.Build.0 = Debug|Any CPU
		{FEF0C00B-5330-4C9E-942E-0602855DA987}.Release|Any CPU.ActiveCfg = Release|Any CPU
		{FEF0C00B-5330-4C9E-942E-0602855DA987}.Release|Any CPU.Build.0 = Release|Any CPU
		{FEF0C00B-5330-4C9E-942E-0602855DA987}.Release|iPhone.ActiveCfg = Release|Any CPU
		{FEF0C00B-5330-4C9E-942E-0602855DA987}.Release|iPhone.Build.0 = Release|Any CPU
		{FEF0C00B-5330-4C9E-942E-0602855DA987}.Release|iPhoneSimulator.ActiveCfg = Release|Any CPU
		{FEF0C00B-5330-4C9E-942E-0602855DA987}.Release|iPhoneSimulator.Build.0 = Release|Any CPU
		{6C0188AC-AC2D-4EF7-B866-E43B95202031}.Debug|Any CPU.ActiveCfg = Debug|Any CPU
		{6C0188AC-AC2D-4EF7-B866-E43B95202031}.Debug|Any CPU.Build.0 = Debug|Any CPU
		{6C0188AC-AC2D-4EF7-B866-E43B95202031}.Debug|iPhone.ActiveCfg = Debug|Any CPU
		{6C0188AC-AC2D-4EF7-B866-E43B95202031}.Debug|iPhone.Build.0 = Debug|Any CPU
		{6C0188AC-AC2D-4EF7-B866-E43B95202031}.Debug|iPhoneSimulator.ActiveCfg = Debug|Any CPU
		{6C0188AC-AC2D-4EF7-B866-E43B95202031}.Debug|iPhoneSimulator.Build.0 = Debug|Any CPU
		{6C0188AC-AC2D-4EF7-B866-E43B95202031}.Release|Any CPU.ActiveCfg = Release|Any CPU
		{6C0188AC-AC2D-4EF7-B866-E43B95202031}.Release|Any CPU.Build.0 = Release|Any CPU
		{6C0188AC-AC2D-4EF7-B866-E43B95202031}.Release|iPhone.ActiveCfg = Release|Any CPU
		{6C0188AC-AC2D-4EF7-B866-E43B95202031}.Release|iPhone.Build.0 = Release|Any CPU
		{6C0188AC-AC2D-4EF7-B866-E43B95202031}.Release|iPhoneSimulator.ActiveCfg = Release|Any CPU
		{6C0188AC-AC2D-4EF7-B866-E43B95202031}.Release|iPhoneSimulator.Build.0 = Release|Any CPU
	EndGlobalSection
	GlobalSection(SolutionProperties) = preSolution
		HideSolutionNode = FALSE
	EndGlobalSection
	GlobalSection(ExtensibilityGlobals) = postSolution
		SolutionGuid = {BB187071-A964-4B75-B876-1F729C85D805}
	EndGlobalSection
EndGlobal
